# This file is autogenerated, do not edit; changes may be undone by the next 'dep ensure'.


[[projects]]
  name = "github.com/eclipse/paho.mqtt.golang"
  packages = [
    ".",
    "packets"
  ]
  revision = "36d01c2b4cbeb3d2a12063e4880ce30800af9560"
  version = "v1.1.1"

[[projects]]
  name = "github.com/google/uuid"
  packages = ["."]
  revision = "9b3b1e0f5f99ae461456d768e7d301a7acdaa2d8"
  version = "v1.1.0"

[[projects]]
  branch = "dev"
  name = "gocv.io/x/gocv"
  packages = [
    ".",
    "openvino"
  ]
  revision = "31bfec2476f13763b30ef519daba5f67a3a3d17e"

[[projects]]
  branch = "master"
  name = "golang.org/x/net"
  packages = [
    "internal/socks",
    "proxy",
    "websocket"
  ]
  revision = "e147a9138326bc0e9d4e179541ffd8af41cff8a9"

[solve-meta]
  analyzer-name = "dep"
  analyzer-version = 1
  inputs-digest = "811bbd3649acb01e95f0dbf518a138a8f52f6d0277a559b5ff6ab2ca184ef37c"
  solver-name = "gps-cdcl"
  solver-version = 1
